
Microsoft Visual Studio Solution File, Format Version 12.00
# Visual Studio Version 17
VisualStudioVersion = 17.8.34601.278
MinimumVisualStudioVersion = 10.0.40219.1
Project("{9A19103F-16F7-4668-BE54-9A1E7A4F7556}") = "gateway-global-integration-api", "gateway-global-integration-api\gateway-global-integration-api.csproj", "{33998C27-727B-4FDE-B65C-1B7072C4E666}"
EndProject
Project("{2150E333-8FDC-42A3-9474-1A3956D46DE8}") = "src", "src", "{FEF543F9-055F-4560-9699-66D15B534218}"
EndProject
Project("{2150E333-8FDC-42A3-9474-1A3956D46DE8}") = "Microservices", "Microservices", "{15D4784A-43E0-46C6-ACA1-9AEE4B6C2E4C}"
EndProject
Project("{2150E333-8FDC-42A3-9474-1A3956D46DE8}") = "BuildingBlocks", "BuildingBlocks", "{CD817DC0-D945-4E05-88B9-E70CBAA38C56}"
EndProject
Project("{2150E333-8FDC-42A3-9474-1A3956D46DE8}") = "Common", "Common", "{5B73103D-F602-442B-B045-1F0FA62CA49B}"
EndProject
Project("{9A19103F-16F7-4668-BE54-9A1E7A4F7556}") = "Events.Common", "Common\Events.Common\Events.Common.csproj", "{0FB57555-C198-4172-AC82-ED2FCB152B9A}"
EndProject
Project("{9A19103F-16F7-4668-BE54-9A1E7A4F7556}") = "Services.Common", "Common\Services.Common\Services.Common.csproj", "{B6D9F50B-9F15-4ABA-9AF4-72EC4422F61B}"
EndProject
Project("{9A19103F-16F7-4668-BE54-9A1E7A4F7556}") = "EventBus", "BuildingBlocks\EventBus\EventBus.csproj", "{94C70FCC-54B5-467C-B843-5A7152EC7043}"
EndProject
Project("{9A19103F-16F7-4668-BE54-9A1E7A4F7556}") = "EventBusRabbitMQ", "BuildingBlocks\EventBusRabbitMQ\EventBusRabbitMQ.csproj", "{B220D7F9-9BAB-4BBB-AF66-8427BB21E94E}"
EndProject
Project("{9A19103F-16F7-4668-BE54-9A1E7A4F7556}") = "EventBusServiceBus", "BuildingBlocks\EventBusServiceBus\EventBusServiceBus.csproj", "{7635DEDA-BD9E-478D-9BB9-6FD55623F690}"
EndProject
Project("{9A19103F-16F7-4668-BE54-9A1E7A4F7556}") = "IntegrationEventLogEF", "BuildingBlocks\IntegrationEventLogEF\IntegrationEventLogEF.csproj", "{9D9EE5BD-C971-4792-A5CA-A2C3C63CBC28}"
EndProject
Project("{E53339B2-1760-4266-BCC7-CA923CBCF16C}") = "docker-compose", "docker-compose.dcproj", "{69F414D6-B972-4384-8E7C-900755C1E68F}"
EndProject
Global
	GlobalSection(SolutionConfigurationPlatforms) = preSolution
		Debug|Any CPU = Debug|Any CPU
		Release|Any CPU = Release|Any CPU
	EndGlobalSection
	GlobalSection(ProjectConfigurationPlatforms) = postSolution
		{33998C27-727B-4FDE-B65C-1B7072C4E666}.Debug|Any CPU.ActiveCfg = Debug|Any CPU
		{33998C27-727B-4FDE-B65C-1B7072C4E666}.Debug|Any CPU.Build.0 = Debug|Any CPU
		{33998C27-727B-4FDE-B65C-1B7072C4E666}.Release|Any CPU.ActiveCfg = Release|Any CPU
		{33998C27-727B-4FDE-B65C-1B7072C4E666}.Release|Any CPU.Build.0 = Release|Any CPU
		{0FB57555-C198-4172-AC82-ED2FCB152B9A}.Debug|Any CPU.ActiveCfg = Debug|Any CPU
		{0FB57555-C198-4172-AC82-ED2FCB152B9A}.Debug|Any CPU.Build.0 = Debug|Any CPU
		{0FB57555-C198-4172-AC82-ED2FCB152B9A}.Release|Any CPU.ActiveCfg = Release|Any CPU
		{0FB57555-C198-4172-AC82-ED2FCB152B9A}.Release|Any CPU.Build.0 = Release|Any CPU
		{B6D9F50B-9F15-4ABA-9AF4-72EC4422F61B}.Debug|Any CPU.ActiveCfg = Debug|Any CPU
		{B6D9F50B-9F15-4ABA-9AF4-72EC4422F61B}.Debug|Any CPU.Build.0 = Debug|Any CPU
		{B6D9F50B-9F15-4ABA-9AF4-72EC4422F61B}.Release|Any CPU.ActiveCfg = Release|Any CPU
		{B6D9F50B-9F15-4ABA-9AF4-72EC4422F61B}.Release|Any CPU.Build.0 = Release|Any CPU
		{94C70FCC-54B5-467C-B843-5A7152EC7043}.Debug|Any CPU.ActiveCfg = Debug|Any CPU
		{94C70FCC-54B5-467C-B843-5A7152EC7043}.Debug|Any CPU.Build.0 = Debug|Any CPU
		{94C70FCC-54B5-467C-B843-5A7152EC7043}.Release|Any CPU.ActiveCfg = Release|Any CPU
		{94C70FCC-54B5-467C-B843-5A7152EC7043}.Release|Any CPU.Build.0 = Release|Any CPU
		{B220D7F9-9BAB-4BBB-AF66-8427BB21E94E}.Debug|Any CPU.ActiveCfg = Debug|Any CPU
		{B220D7F9-9BAB-4BBB-AF66-8427BB21E94E}.Debug|Any CPU.Build.0 = Debug|Any CPU
		{B220D7F9-9BAB-4BBB-AF66-8427BB21E94E}.Release|Any CPU.ActiveCfg = Release|Any CPU
		{B220D7F9-9BAB-4BBB-AF66-8427BB21E94E}.Release|Any CPU.Build.0 = Release|Any CPU
		{7635DEDA-BD9E-478D-9BB9-6FD55623F690}.Debug|Any CPU.ActiveCfg = Debug|Any CPU
		{7635DEDA-BD9E-478D-9BB9-6FD55623F690}.Debug|Any CPU.Build.0 = Debug|Any CPU
		{7635DEDA-BD9E-478D-9BB9-6FD55623F690}.Release|Any CPU.ActiveCfg = Release|Any CPU
		{7635DEDA-BD9E-478D-9BB9-6FD55623F690}.Release|Any CPU.Build.0 = Release|Any CPU
		{9D9EE5BD-C971-4792-A5CA-A2C3C63CBC28}.Debug|Any CPU.ActiveCfg = Debug|Any CPU
		{9D9EE5BD-C971-4792-A5CA-A2C3C63CBC28}.Debug|Any CPU.Build.0 = Debug|Any CPU
		{9D9EE5BD-C971-4792-A5CA-A2C3C63CBC28}.Release|Any CPU.ActiveCfg = Release|Any CPU
		{9D9EE5BD-C971-4792-A5CA-A2C3C63CBC28}.Release|Any CPU.Build.0 = Release|Any CPU
		{69F414D6-B972-4384-8E7C-900755C1E68F}.Debug|Any CPU.ActiveCfg = Debug|Any CPU
		{69F414D6-B972-4384-8E7C-900755C1E68F}.Debug|Any CPU.Build.0 = Debug|Any CPU
		{69F414D6-B972-4384-8E7C-900755C1E68F}.Release|Any CPU.ActiveCfg = Release|Any CPU
		{69F414D6-B972-4384-8E7C-900755C1E68F}.Release|Any CPU.Build.0 = Release|Any CPU
	EndGlobalSection
	GlobalSection(SolutionProperties) = preSolution
		HideSolutionNode = FALSE
	EndGlobalSection
	GlobalSection(NestedProjects) = preSolution
		{33998C27-727B-4FDE-B65C-1B7072C4E666} = {15D4784A-43E0-46C6-ACA1-9AEE4B6C2E4C}
		{15D4784A-43E0-46C6-ACA1-9AEE4B6C2E4C} = {FEF543F9-055F-4560-9699-66D15B534218}
		{CD817DC0-D945-4E05-88B9-E70CBAA38C56} = {FEF543F9-055F-4560-9699-66D15B534218}
		{5B73103D-F602-442B-B045-1F0FA62CA49B} = {FEF543F9-055F-4560-9699-66D15B534218}
		{0FB57555-C198-4172-AC82-ED2FCB152B9A} = {5B73103D-F602-442B-B045-1F0FA62CA49B}
		{B6D9F50B-9F15-4ABA-9AF4-72EC4422F61B} = {5B73103D-F602-442B-B045-1F0FA62CA49B}
		{94C70FCC-54B5-467C-B843-5A7152EC7043} = {CD817DC0-D945-4E05-88B9-E70CBAA38C56}
		{B220D7F9-9BAB-4BBB-AF66-8427BB21E94E} = {CD817DC0-D945-4E05-88B9-E70CBAA38C56}
		{7635DEDA-BD9E-478D-9BB9-6FD55623F690} = {CD817DC0-D945-4E05-88B9-E70CBAA38C56}
		{9D9EE5BD-C971-4792-A5CA-A2C3C63CBC28} = {CD817DC0-D945-4E05-88B9-E70CBAA38C56}
	EndGlobalSection
	GlobalSection(ExtensibilityGlobals) = postSolution
		SolutionGuid = {8D228B49-D264-4B27-9312-C34BDE422F02}
	EndGlobalSection
EndGlobal
