
Microsoft Visual Studio Solution File, Format Version 12.00
# Visual Studio Version 17
VisualStudioVersion = 17.8.34601.278
MinimumVisualStudioVersion = 10.0.40219.1
Project("{9A19103F-16F7-4668-BE54-9A1E7A4F7556}") = "GlobalIntegrationApi", "GlobalIntegrationApi\GlobalIntegrationApi.csproj", "{33998C27-727B-4FDE-B65C-1B7072C4E666}"
EndProject
Project("{2150E333-8FDC-42A3-9474-1A3956D46DE8}") = "src", "src", "{FEF543F9-055F-4560-9699-66D15B534218}"
EndProject
Project("{2150E333-8FDC-42A3-9474-1A3956D46DE8}") = "BuildingBlocks", "BuildingBlocks", "{AC93A17D-FFC4-4C0F-804D-E105F0FC7108}"
EndProject
Project("{2150E333-8FDC-42A3-9474-1A3956D46DE8}") = "Common", "Common", "{C64EB941-B44C-49EB-8FFE-307825A0671B}"
EndProject
Project("{2150E333-8FDC-42A3-9474-1A3956D46DE8}") = "Microservices", "Microservices", "{15D4784A-43E0-46C6-ACA1-9AEE4B6C2E4C}"
EndProject
Project("{9A19103F-16F7-4668-BE54-9A1E7A4F7556}") = "Events.Common", "..\BLGatewaySourceLibraries\src\Common\Events.Common\Events.Common.csproj", "{C2EBC6C5-2919-490D-A81A-E1902BD4BAF3}"
EndProject
Project("{9A19103F-16F7-4668-BE54-9A1E7A4F7556}") = "Services.Common", "..\BLGatewaySourceLibraries\src\Common\Services.Common\Services.Common.csproj", "{8F1F72EC-D99F-4FA4-A166-87CD14D2D030}"
EndProject
Project("{9A19103F-16F7-4668-BE54-9A1E7A4F7556}") = "EventBus", "..\BLGatewaySourceLibraries\src\BuildingBlocks\EventBus\EventBus.csproj", "{635BE9C7-1326-4D45-9069-311D277CD7E5}"
EndProject
Project("{9A19103F-16F7-4668-BE54-9A1E7A4F7556}") = "EventBusRabbitMQ", "..\BLGatewaySourceLibraries\src\BuildingBlocks\EventBusRabbitMQ\EventBusRabbitMQ.csproj", "{E8779D93-A087-42F9-AF02-854D33060B27}"
EndProject
Project("{9A19103F-16F7-4668-BE54-9A1E7A4F7556}") = "IntegrationEventLogEF", "..\BLGatewaySourceLibraries\src\BuildingBlocks\IntegrationEventLogEF\IntegrationEventLogEF.csproj", "{D46B394D-45A2-40D8-B4C1-12B6891CBDF2}"
EndProject
Project("{E53339B2-1760-4266-BCC7-CA923CBCF16C}") = "docker-compose", "docker-compose.dcproj", "{60906FE8-DCE6-4A23-A96D-276ECC01474C}"
EndProject
Global
	GlobalSection(SolutionConfigurationPlatforms) = preSolution
		Debug|Any CPU = Debug|Any CPU
		Release|Any CPU = Release|Any CPU
	EndGlobalSection
	GlobalSection(ProjectConfigurationPlatforms) = postSolution
		{33998C27-727B-4FDE-B65C-1B7072C4E666}.Debug|Any CPU.ActiveCfg = Debug|Any CPU
		{33998C27-727B-4FDE-B65C-1B7072C4E666}.Debug|Any CPU.Build.0 = Debug|Any CPU
		{33998C27-727B-4FDE-B65C-1B7072C4E666}.Release|Any CPU.ActiveCfg = Release|Any CPU
		{33998C27-727B-4FDE-B65C-1B7072C4E666}.Release|Any CPU.Build.0 = Release|Any CPU
		{C2EBC6C5-2919-490D-A81A-E1902BD4BAF3}.Debug|Any CPU.ActiveCfg = Debug|Any CPU
		{C2EBC6C5-2919-490D-A81A-E1902BD4BAF3}.Debug|Any CPU.Build.0 = Debug|Any CPU
		{C2EBC6C5-2919-490D-A81A-E1902BD4BAF3}.Release|Any CPU.ActiveCfg = Release|Any CPU
		{C2EBC6C5-2919-490D-A81A-E1902BD4BAF3}.Release|Any CPU.Build.0 = Release|Any CPU
		{8F1F72EC-D99F-4FA4-A166-87CD14D2D030}.Debug|Any CPU.ActiveCfg = Debug|Any CPU
		{8F1F72EC-D99F-4FA4-A166-87CD14D2D030}.Debug|Any CPU.Build.0 = Debug|Any CPU
		{8F1F72EC-D99F-4FA4-A166-87CD14D2D030}.Release|Any CPU.ActiveCfg = Release|Any CPU
		{8F1F72EC-D99F-4FA4-A166-87CD14D2D030}.Release|Any CPU.Build.0 = Release|Any CPU
		{635BE9C7-1326-4D45-9069-311D277CD7E5}.Debug|Any CPU.ActiveCfg = Debug|Any CPU
		{635BE9C7-1326-4D45-9069-311D277CD7E5}.Debug|Any CPU.Build.0 = Debug|Any CPU
		{635BE9C7-1326-4D45-9069-311D277CD7E5}.Release|Any CPU.ActiveCfg = Release|Any CPU
		{635BE9C7-1326-4D45-9069-311D277CD7E5}.Release|Any CPU.Build.0 = Release|Any CPU
		{E8779D93-A087-42F9-AF02-854D33060B27}.Debug|Any CPU.ActiveCfg = Debug|Any CPU
		{E8779D93-A087-42F9-AF02-854D33060B27}.Debug|Any CPU.Build.0 = Debug|Any CPU
		{E8779D93-A087-42F9-AF02-854D33060B27}.Release|Any CPU.ActiveCfg = Release|Any CPU
		{E8779D93-A087-42F9-AF02-854D33060B27}.Release|Any CPU.Build.0 = Release|Any CPU
		{D46B394D-45A2-40D8-B4C1-12B6891CBDF2}.Debug|Any CPU.ActiveCfg = Debug|Any CPU
		{D46B394D-45A2-40D8-B4C1-12B6891CBDF2}.Debug|Any CPU.Build.0 = Debug|Any CPU
		{D46B394D-45A2-40D8-B4C1-12B6891CBDF2}.Release|Any CPU.ActiveCfg = Release|Any CPU
		{D46B394D-45A2-40D8-B4C1-12B6891CBDF2}.Release|Any CPU.Build.0 = Release|Any CPU
		{60906FE8-DCE6-4A23-A96D-276ECC01474C}.Debug|Any CPU.ActiveCfg = Debug|Any CPU
		{60906FE8-DCE6-4A23-A96D-276ECC01474C}.Debug|Any CPU.Build.0 = Debug|Any CPU
		{60906FE8-DCE6-4A23-A96D-276ECC01474C}.Release|Any CPU.ActiveCfg = Release|Any CPU
		{60906FE8-DCE6-4A23-A96D-276ECC01474C}.Release|Any CPU.Build.0 = Release|Any CPU
	EndGlobalSection
	GlobalSection(SolutionProperties) = preSolution
		HideSolutionNode = FALSE
	EndGlobalSection
	GlobalSection(NestedProjects) = preSolution
		{33998C27-727B-4FDE-B65C-1B7072C4E666} = {15D4784A-43E0-46C6-ACA1-9AEE4B6C2E4C}
		{AC93A17D-FFC4-4C0F-804D-E105F0FC7108} = {FEF543F9-055F-4560-9699-66D15B534218}
		{C64EB941-B44C-49EB-8FFE-307825A0671B} = {FEF543F9-055F-4560-9699-66D15B534218}
		{15D4784A-43E0-46C6-ACA1-9AEE4B6C2E4C} = {FEF543F9-055F-4560-9699-66D15B534218}
		{C2EBC6C5-2919-490D-A81A-E1902BD4BAF3} = {C64EB941-B44C-49EB-8FFE-307825A0671B}
		{8F1F72EC-D99F-4FA4-A166-87CD14D2D030} = {C64EB941-B44C-49EB-8FFE-307825A0671B}
		{635BE9C7-1326-4D45-9069-311D277CD7E5} = {AC93A17D-FFC4-4C0F-804D-E105F0FC7108}
		{E8779D93-A087-42F9-AF02-854D33060B27} = {AC93A17D-FFC4-4C0F-804D-E105F0FC7108}
		{D46B394D-45A2-40D8-B4C1-12B6891CBDF2} = {AC93A17D-FFC4-4C0F-804D-E105F0FC7108}
	EndGlobalSection
	GlobalSection(ExtensibilityGlobals) = postSolution
		SolutionGuid = {8D228B49-D264-4B27-9312-C34BDE422F02}
	EndGlobalSection
EndGlobal
