
Microsoft Visual Studio Solution File, Format Version 12.00
# Visual Studio Version 17
VisualStudioVersion = 17.8.34601.278
MinimumVisualStudioVersion = 10.0.40219.1
Project("{9A19103F-16F7-4668-BE54-9A1E7A4F7556}") = "GlobalIntegrationApi", "GlobalIntegrationApi\GlobalIntegrationApi.csproj", "{33998C27-727B-4FDE-B65C-1B7072C4E666}"
EndProject
Project("{2150E333-8FDC-42A3-9474-1A3956D46DE8}") = "src", "src", "{FEF543F9-055F-4560-9699-66D15B534218}"
EndProject
Project("{2150E333-8FDC-42A3-9474-1A3956D46DE8}") = "BuildingBlocks", "BuildingBlocks", "{AC93A17D-FFC4-4C0F-804D-E105F0FC7108}"
EndProject
Project("{2150E333-8FDC-42A3-9474-1A3956D46DE8}") = "Common", "Common", "{C64EB941-B44C-49EB-8FFE-307825A0671B}"
EndProject
Project("{2150E333-8FDC-42A3-9474-1A3956D46DE8}") = "Microservices", "Microservices", "{15D4784A-43E0-46C6-ACA1-9AEE4B6C2E4C}"
EndProject
Project("{E53339B2-1760-4266-BCC7-CA923CBCF16C}") = "docker-compose", "docker-compose.dcproj", "{60906FE8-DCE6-4A23-A96D-276ECC01474C}"
EndProject
Project("{9A19103F-16F7-4668-BE54-9A1E7A4F7556}") = "EventBus", "..\..\BuildingBlocks\EventBus\EventBus.csproj", "{5721841D-E2C1-4E42-95BC-977643688CEE}"
EndProject
Project("{9A19103F-16F7-4668-BE54-9A1E7A4F7556}") = "EventBusRabbitMQ", "..\..\BuildingBlocks\EventBusRabbitMQ\EventBusRabbitMQ.csproj", "{C65E1BC2-950F-43DD-8FD1-98C4E7245BA4}"
EndProject
Project("{9A19103F-16F7-4668-BE54-9A1E7A4F7556}") = "IntegrationEventLogEF", "..\..\BuildingBlocks\IntegrationEventLogEF\IntegrationEventLogEF.csproj", "{3E22AAD3-4FC8-45F6-B22E-A53A7AE5CD6C}"
EndProject
Project("{9A19103F-16F7-4668-BE54-9A1E7A4F7556}") = "Events.Common", "..\..\Common\Events.Common\Events.Common.csproj", "{BCCB0F20-E4EE-439D-9C75-58FF9158BF66}"
EndProject
Project("{9A19103F-16F7-4668-BE54-9A1E7A4F7556}") = "Services.Common", "..\..\Common\Services.Common\Services.Common.csproj", "{E0310546-AC55-40D5-A257-D06AC7A927AD}"
EndProject
Global
	GlobalSection(SolutionConfigurationPlatforms) = preSolution
		Debug|Any CPU = Debug|Any CPU
		Release|Any CPU = Release|Any CPU
	EndGlobalSection
	GlobalSection(ProjectConfigurationPlatforms) = postSolution
		{33998C27-727B-4FDE-B65C-1B7072C4E666}.Debug|Any CPU.ActiveCfg = Debug|Any CPU
		{33998C27-727B-4FDE-B65C-1B7072C4E666}.Debug|Any CPU.Build.0 = Debug|Any CPU
		{33998C27-727B-4FDE-B65C-1B7072C4E666}.Release|Any CPU.ActiveCfg = Release|Any CPU
		{33998C27-727B-4FDE-B65C-1B7072C4E666}.Release|Any CPU.Build.0 = Release|Any CPU
		{60906FE8-DCE6-4A23-A96D-276ECC01474C}.Debug|Any CPU.ActiveCfg = Debug|Any CPU
		{60906FE8-DCE6-4A23-A96D-276ECC01474C}.Debug|Any CPU.Build.0 = Debug|Any CPU
		{60906FE8-DCE6-4A23-A96D-276ECC01474C}.Release|Any CPU.ActiveCfg = Release|Any CPU
		{60906FE8-DCE6-4A23-A96D-276ECC01474C}.Release|Any CPU.Build.0 = Release|Any CPU
		{5721841D-E2C1-4E42-95BC-977643688CEE}.Debug|Any CPU.ActiveCfg = Debug|Any CPU
		{5721841D-E2C1-4E42-95BC-977643688CEE}.Debug|Any CPU.Build.0 = Debug|Any CPU
		{5721841D-E2C1-4E42-95BC-977643688CEE}.Release|Any CPU.ActiveCfg = Release|Any CPU
		{5721841D-E2C1-4E42-95BC-977643688CEE}.Release|Any CPU.Build.0 = Release|Any CPU
		{C65E1BC2-950F-43DD-8FD1-98C4E7245BA4}.Debug|Any CPU.ActiveCfg = Debug|Any CPU
		{C65E1BC2-950F-43DD-8FD1-98C4E7245BA4}.Debug|Any CPU.Build.0 = Debug|Any CPU
		{C65E1BC2-950F-43DD-8FD1-98C4E7245BA4}.Release|Any CPU.ActiveCfg = Release|Any CPU
		{C65E1BC2-950F-43DD-8FD1-98C4E7245BA4}.Release|Any CPU.Build.0 = Release|Any CPU
		{3E22AAD3-4FC8-45F6-B22E-A53A7AE5CD6C}.Debug|Any CPU.ActiveCfg = Debug|Any CPU
		{3E22AAD3-4FC8-45F6-B22E-A53A7AE5CD6C}.Debug|Any CPU.Build.0 = Debug|Any CPU
		{3E22AAD3-4FC8-45F6-B22E-A53A7AE5CD6C}.Release|Any CPU.ActiveCfg = Release|Any CPU
		{3E22AAD3-4FC8-45F6-B22E-A53A7AE5CD6C}.Release|Any CPU.Build.0 = Release|Any CPU
		{BCCB0F20-E4EE-439D-9C75-58FF9158BF66}.Debug|Any CPU.ActiveCfg = Debug|Any CPU
		{BCCB0F20-E4EE-439D-9C75-58FF9158BF66}.Debug|Any CPU.Build.0 = Debug|Any CPU
		{BCCB0F20-E4EE-439D-9C75-58FF9158BF66}.Release|Any CPU.ActiveCfg = Release|Any CPU
		{BCCB0F20-E4EE-439D-9C75-58FF9158BF66}.Release|Any CPU.Build.0 = Release|Any CPU
		{E0310546-AC55-40D5-A257-D06AC7A927AD}.Debug|Any CPU.ActiveCfg = Debug|Any CPU
		{E0310546-AC55-40D5-A257-D06AC7A927AD}.Debug|Any CPU.Build.0 = Debug|Any CPU
		{E0310546-AC55-40D5-A257-D06AC7A927AD}.Release|Any CPU.ActiveCfg = Release|Any CPU
		{E0310546-AC55-40D5-A257-D06AC7A927AD}.Release|Any CPU.Build.0 = Release|Any CPU
	EndGlobalSection
	GlobalSection(SolutionProperties) = preSolution
		HideSolutionNode = FALSE
	EndGlobalSection
	GlobalSection(NestedProjects) = preSolution
		{33998C27-727B-4FDE-B65C-1B7072C4E666} = {15D4784A-43E0-46C6-ACA1-9AEE4B6C2E4C}
		{AC93A17D-FFC4-4C0F-804D-E105F0FC7108} = {FEF543F9-055F-4560-9699-66D15B534218}
		{C64EB941-B44C-49EB-8FFE-307825A0671B} = {FEF543F9-055F-4560-9699-66D15B534218}
		{15D4784A-43E0-46C6-ACA1-9AEE4B6C2E4C} = {FEF543F9-055F-4560-9699-66D15B534218}
		{5721841D-E2C1-4E42-95BC-977643688CEE} = {AC93A17D-FFC4-4C0F-804D-E105F0FC7108}
		{C65E1BC2-950F-43DD-8FD1-98C4E7245BA4} = {AC93A17D-FFC4-4C0F-804D-E105F0FC7108}
		{3E22AAD3-4FC8-45F6-B22E-A53A7AE5CD6C} = {AC93A17D-FFC4-4C0F-804D-E105F0FC7108}
		{BCCB0F20-E4EE-439D-9C75-58FF9158BF66} = {C64EB941-B44C-49EB-8FFE-307825A0671B}
		{E0310546-AC55-40D5-A257-D06AC7A927AD} = {C64EB941-B44C-49EB-8FFE-307825A0671B}
	EndGlobalSection
	GlobalSection(ExtensibilityGlobals) = postSolution
		SolutionGuid = {8D228B49-D264-4B27-9312-C34BDE422F02}
	EndGlobalSection
EndGlobal
